
Microsoft Visual Studio Solution File, Format Version 12.00
# Visual Studio Version 16
VisualStudioVersion = 16.0.30804.86
MinimumVisualStudioVersion = 10.0.40219.1
Project("{FAE04EC0-301F-11D3-BF4B-00C04F79EFBC}") = "LearningWellTest", "LearningWellTest.csproj", "{999AEB51-8851-439E-985C-B78809273131}"
EndProject
Global
	GlobalSection(SolutionConfigurationPlatforms) = preSolution
		Debug|Any CPU = Debug|Any CPU
		Release|Any CPU = Release|Any CPU
	EndGlobalSection
	GlobalSection(ProjectConfigurationPlatforms) = postSolution
		{999AEB51-8851-439E-985C-B78809273131}.Debug|Any CPU.ActiveCfg = Debug|Any CPU
		{999AEB51-8851-439E-985C-B78809273131}.Debug|Any CPU.Build.0 = Debug|Any CPU
		{999AEB51-8851-439E-985C-B78809273131}.Release|Any CPU.ActiveCfg = Release|Any CPU
		{999AEB51-8851-439E-985C-B78809273131}.Release|Any CPU.Build.0 = Release|Any CPU
	EndGlobalSection
	GlobalSection(SolutionProperties) = preSolution
		HideSolutionNode = FALSE
	EndGlobalSection
	GlobalSection(ExtensibilityGlobals) = postSolution
		SolutionGuid = {4E396323-4D54-4E31-B56D-B19AA1E73D37}
	EndGlobalSection
EndGlobal
